
Microsoft Visual Studio Solution File, Format Version 12.00
# Visual Studio Version 16
VisualStudioVersion = 16.0.29306.81
MinimumVisualStudioVersion = 10.0.40219.1
Project("{FAE04EC0-301F-11D3-BF4B-00C04F79EFBC}") = "InscripcionesUniversidad", "InscripcionesUniversidad\InscripcionesUniversidad.csproj", "{AE7EF358-AE05-4EF0-B36F-3417036B6A9D}"
EndProject
Global
	GlobalSection(SolutionConfigurationPlatforms) = preSolution
		Debug|Any CPU = Debug|Any CPU
		Release|Any CPU = Release|Any CPU
	EndGlobalSection
	GlobalSection(ProjectConfigurationPlatforms) = postSolution
		{AE7EF358-AE05-4EF0-B36F-3417036B6A9D}.Debug|Any CPU.ActiveCfg = Debug|Any CPU
		{AE7EF358-AE05-4EF0-B36F-3417036B6A9D}.Debug|Any CPU.Build.0 = Debug|Any CPU
		{AE7EF358-AE05-4EF0-B36F-3417036B6A9D}.Release|Any CPU.ActiveCfg = Release|Any CPU
		{AE7EF358-AE05-4EF0-B36F-3417036B6A9D}.Release|Any CPU.Build.0 = Release|Any CPU
	EndGlobalSection
	GlobalSection(SolutionProperties) = preSolution
		HideSolutionNode = FALSE
	EndGlobalSection
	GlobalSection(ExtensibilityGlobals) = postSolution
		SolutionGuid = {D5A67020-57B0-4922-AD44-9A88AAE31C22}
	EndGlobalSection
EndGlobal
